{
    "_readme": [
        "This file locks the dependencies of your project to a known state",
        "Read more about it at https://getcomposer.org/doc/01-basic-usage.md#composer-lock-the-lock-file",
        "This file is @generated automatically"
    ],
    "hash": "cb4dc68ab30c43632fc920fa68a81d9f",
    "packages": [
        {
            "name": "atk4/atk4",
            "version": "4.3.x-dev",
            "source": {
                "type": "git",
                "url": "https://github.com/atk4/atk4.git",
                "reference": "7c78a416a40084e983906ecc99b5cc97befda0a9"
            },
            "dist": {
                "type": "zip",
                "url": "https://api.github.com/repos/atk4/atk4/zipball/7c78a416a40084e983906ecc99b5cc97befda0a9",
                "reference": "7c78a416a40084e983906ecc99b5cc97befda0a9",
                "shasum": ""
            },
            "type": "library",
            "autoload": {
                "psr-0": {
                    "": "lib/"
                },
                "files": [
                    "/lib/static.php"
                ]
            },
            "notification-url": "https://packagist.org/downloads/",
            "license": [
                "MIT"
            ],
            "homepage": "https://agiletoolkit.org/",
            "keywords": [
                "atk4",
                "framework"
            ],
            "time": "2015-06-30 11:06:22"
        }
    ],
    "packages-dev": [],
    "aliases": [],
    "minimum-stability": "dev",
    "stability-flags": [],
    "prefer-stable": false,
    "prefer-lowest": false,
    "platform": [],
    "platform-dev": []
}
