{
    "_readme": [
        "This file locks the dependencies of your project to a known state",
        "Read more about it at https://getcomposer.org/doc/01-basic-usage.md#composer-lock-the-lock-file",
        "This file is @generated automatically"
    ],
    "hash": "ef81d5f1da07a20206d2291f05987297",
    "content-hash": "72f76194cf8a81f307a9f60b13d1a59c",
    "packages": [
        {
            "name": "atk4/atk4",
            "version": "4.3.0",
            "source": {
                "type": "git",
                "url": "https://github.com/atk4/atk4.git",
                "reference": "9ac0f6c8644323780244b602e06bab3703a97dc0"
            },
            "dist": {
                "type": "zip",
                "url": "https://api.github.com/repos/atk4/atk4/zipball/9ac0f6c8644323780244b602e06bab3703a97dc0",
                "reference": "9ac0f6c8644323780244b602e06bab3703a97dc0",
                "shasum": ""
            },
            "type": "library",
            "autoload": {
                "psr-0": {
                    "": "lib/"
                },
                "files": [
                    "/lib/static.php"
                ]
            },
            "notification-url": "https://packagist.org/downloads/",
            "license": [
                "MIT"
            ],
            "homepage": "https://agiletoolkit.org/",
            "keywords": [
                "atk4",
                "framework"
            ],
            "time": "2015-03-16 16:27:31"
        }
    ],
    "packages-dev": [],
    "aliases": [],
    "minimum-stability": "stable",
    "stability-flags": [],
    "prefer-stable": false,
    "prefer-lowest": false,
    "platform": [],
    "platform-dev": []
}
